
Microsoft Visual Studio Solution File, Format Version 12.00
# Visual Studio 2015
Project("{FAE04EC0-301F-11D3-BF4B-00C04F79EFBC}") = "LatestProj.CSharp", "LatestProj.CSharp.csproj", "{D400C05C-ABBA-2A3E-3A46-10B538B347AE}"
EndProject
Global
	GlobalSection(SolutionConfigurationPlatforms) = preSolution
		Debug|Any CPU = Debug|Any CPU
		Release|Any CPU = Release|Any CPU
	EndGlobalSection
	GlobalSection(ProjectConfigurationPlatforms) = postSolution
		{D400C05C-ABBA-2A3E-3A46-10B538B347AE}.Debug|Any CPU.ActiveCfg = Debug|Any CPU
		{D400C05C-ABBA-2A3E-3A46-10B538B347AE}.Debug|Any CPU.Build.0 = Debug|Any CPU
		{D400C05C-ABBA-2A3E-3A46-10B538B347AE}.Release|Any CPU.ActiveCfg = Release|Any CPU
		{D400C05C-ABBA-2A3E-3A46-10B538B347AE}.Release|Any CPU.Build.0 = Release|Any CPU
	EndGlobalSection
	GlobalSection(SolutionProperties) = preSolution
		HideSolutionNode = FALSE
	EndGlobalSection
EndGlobal
